{"format_version":"1.0","provider_schemas":{"registry.terraform.io/nucleuscloud/neosync":{"provider":{"version":0,"block":{"attributes":{"account_id":{"type":"string","description":"The account id that should be associated with this provider and any resources that utilize it","description_kind":"plain","optional":true},"api_token":{"type":"string","description":"The account-level API token that will be used to authenticate with the API server","description_kind":"plain","optional":true},"endpoint":{"type":"string","description":"The URL to the backend Neosync API server","description_kind":"plain","optional":true}},"description_kind":"plain"}},"resource_schemas":{"neosync_connection":{"version":0,"block":{"attributes":{"account_id":{"type":"string","description":"The unique identifier of the account. Can be pulled from the API Key if present, or must be specified if using a user access token","description_kind":"plain","optional":true,"computed":true},"aws_s3":{"nested_type":{"attributes":{"bucket":{"type":"string","description":"The name of the S3 bucket","description_kind":"plain","required":true},"credentials":{"nested_type":{"attributes":{"access_key_id":{"type":"string","description":"The AWS access key id","description_kind":"plain","optional":true},"from_ec2_role":{"type":"bool","description":"Will result in the sync operations pulling from the EC2 role","description_kind":"plain","optional":true},"profile":{"type":"string","description":"The profile found in the ~/.aws/config that can be used to access credentials","description_kind":"plain","optional":true},"role_arn":{"type":"string","description":"The role arn that can be assumed","description_kind":"plain","optional":true},"role_external_id":{"type":"string","description":"The external id that will be provided when the role arn is assumed","description_kind":"plain","optional":true},"secret_access_key":{"type":"string","description":"The AWS secret access key","description_kind":"plain","optional":true,"sensitive":true},"session_token":{"type":"string","description":"The AWS session token","description_kind":"plain","optional":true}},"nesting_mode":"single"},"description":"Credentials that may be necessary to access the S3 bucket in a R/W fashion","description_kind":"plain","optional":true},"endpoint":{"type":"string","description":"The endpoint that will be used by the SDK to access the bucket","description_kind":"plain","optional":true},"path_prefix":{"type":"string","description":"The folder within the bucket that the connection will be scoped to","description_kind":"plain","optional":true},"region":{"type":"string","description":"The region that will be used by the SDK to access the bucket","description_kind":"plain","optional":true}},"nesting_mode":"single"},"description":"The aws s3 bucket that will be associated with this connection","description_kind":"plain","optional":true},"id":{"type":"string","description":"The unique identifier of the connection","description_kind":"plain","computed":true},"mysql":{"nested_type":{"attributes":{"host":{"type":"string","description":"The host name of the mysql server","description_kind":"plain","optional":true},"name":{"type":"string","description":"The name of the database that will be connected to","description_kind":"plain","optional":true},"pass":{"type":"string","description":"The password that will be authenticated with","description_kind":"plain","optional":true,"sensitive":true},"port":{"type":"number","description":"The port of the mysql server","description_kind":"plain","optional":true},"protocol":{"type":"string","description":"The protocol of the mysql server","description_kind":"plain","optional":true},"tunnel":{"nested_type":{"attributes":{"host":{"type":"string","description":"The host name of the server","description_kind":"plain","required":true},"known_host_public_key":{"type":"string","description":"The known SSH public key of the tunnel server.","description_kind":"plain","optional":true},"passphrase":{"type":"string","description":"If not using key authentication, a password must be provided. If a private key is provided, but encrypted, provide the passphrase here as it will be used to decrypt the private key","description_kind":"plain","optional":true,"sensitive":true},"port":{"type":"number","description":"The post of the ssh server","description_kind":"plain","required":true},"private_key":{"type":"string","description":"If using key authentication, this must be a pem encoded private key","description_kind":"plain","optional":true,"sensitive":true},"user":{"type":"string","description":"The name of the user that will be authenticated with","description_kind":"plain","required":true}},"nesting_mode":"single"},"description":"SSH tunnel that is used to access databases that are not publicly accessible to the internet","description_kind":"plain","optional":true},"url":{"type":"string","description":"Standard mysql url connection string.","description_kind":"plain","optional":true},"user":{"type":"string","description":"The name of the user that will be authenticated with","description_kind":"plain","optional":true}},"nesting_mode":"single"},"description":"The mysql database that will be associated with this connection","description_kind":"plain","optional":true},"name":{"type":"string","description":"The unique friendly name of the connection","description_kind":"plain","required":true},"postgres":{"nested_type":{"attributes":{"host":{"type":"string","description":"The host name of the postgres server","description_kind":"plain","optional":true},"name":{"type":"string","description":"The name of the database that will be connected to","description_kind":"plain","optional":true},"pass":{"type":"string","description":"The password that will be authenticated with","description_kind":"plain","optional":true,"sensitive":true},"port":{"type":"number","description":"The port of the postgres server","description_kind":"plain","optional":true},"ssl_mode":{"type":"string","description":"The SSL mode for the postgres server","description_kind":"plain","optional":true},"tunnel":{"nested_type":{"attributes":{"host":{"type":"string","description":"The host name of the server","description_kind":"plain","required":true},"known_host_public_key":{"type":"string","description":"The known SSH public key of the tunnel server.","description_kind":"plain","optional":true},"passphrase":{"type":"string","description":"If not using key authentication, a password must be provided. If a private key is provided, but encrypted, provide the passphrase here as it will be used to decrypt the private key","description_kind":"plain","optional":true,"sensitive":true},"port":{"type":"number","description":"The post of the ssh server","description_kind":"plain","required":true},"private_key":{"type":"string","description":"If using key authentication, this must be a pem encoded private key","description_kind":"plain","optional":true,"sensitive":true},"user":{"type":"string","description":"The name of the user that will be authenticated with","description_kind":"plain","required":true}},"nesting_mode":"single"},"description":"SSH tunnel that is used to access databases that are not publicly accessible to the internet","description_kind":"plain","optional":true},"url":{"type":"string","description":"Standard postgres url connection string. Must be uri compliant","description_kind":"plain","optional":true},"user":{"type":"string","description":"The name of the user that will be authenticated with","description_kind":"plain","optional":true}},"nesting_mode":"single"},"description":"The postgres database that will be associated with this connection","description_kind":"plain","optional":true}},"description":"Neosync Connection resource","description_kind":"plain"}},"neosync_job":{"version":0,"block":{"attributes":{"account_id":{"type":"string","description":"The unique identifier of the account. Can be pulled from the API Key if present, or must be specified if using a user access token","description_kind":"plain","optional":true,"computed":true},"cron_schedule":{"type":"string","description":"A cron string for how often it's desired to schedule the job to run","description_kind":"plain","optional":true,"computed":true},"destinations":{"nested_type":{"attributes":{"aws_s3":{"nested_type":{"nesting_mode":"single"},"description":"AWS S3 connection specific options","description_kind":"plain","optional":true},"connection_id":{"type":"string","description":"The unique identifier of the connection that will be used during the synchronization process","description_kind":"plain","optional":true},"id":{"type":"string","description":"The unique identifier of the destination resource. This is set after creation","description_kind":"plain","optional":true,"computed":true},"mysql":{"nested_type":{"attributes":{"init_table_schema":{"type":"bool","description":"Whether or not to have neosync init the table schema and constraints it pulled from the source connection","description_kind":"plain","required":true},"truncate_table":{"nested_type":{"attributes":{"truncate_before_insert":{"type":"bool","description":"Will truncate the table prior to insertion of any records","description_kind":"plain","optional":true}},"nesting_mode":"single"},"description":"Details about what truncation should occur","description_kind":"plain","optional":true}},"nesting_mode":"single"},"description":"Mysql connection specific options","description_kind":"plain","optional":true},"postgres":{"nested_type":{"attributes":{"init_table_schema":{"type":"bool","description":"Whether or not to have neosync init the table schema and constraints it pulled from the source connection","description_kind":"plain","required":true},"truncate_table":{"nested_type":{"attributes":{"cascade":{"type":"bool","description":"Will truncate cascade. This is required if the table holds any foreign key constraints. If this is true, truncate_before_insert must also be true","description_kind":"plain","optional":true},"truncate_before_insert":{"type":"bool","description":"Will truncate the table prior to insertion of any records","description_kind":"plain","optional":true}},"nesting_mode":"single"},"description":"Details about what truncation should occur","description_kind":"plain","optional":true}},"nesting_mode":"single"},"description":"Postgres connection specific options","description_kind":"plain","optional":true}},"nesting_mode":"list"},"description":"A list of destination connections and any relevant configurations that are available to them dependent on type","description_kind":"plain","required":true},"id":{"type":"string","description":"The unique identifier of the connection","description_kind":"plain","computed":true},"mappings":{"nested_type":{"attributes":{"column":{"type":"string","description":"The column in the specified table","description_kind":"plain","required":true},"schema":{"type":"string","description":"The database schema","description_kind":"plain","required":true},"table":{"type":"string","description":"The database table","description_kind":"plain","required":true},"transformer":{"nested_type":{"attributes":{"config":{"nested_type":{"attributes":{"generate_bool":{"nested_type":{"nesting_mode":"single"},"description_kind":"plain","optional":true},"generate_card_number":{"nested_type":{"attributes":{"valid_luhn":{"type":"bool","description_kind":"plain","required":true}},"nesting_mode":"single"},"description_kind":"plain","optional":true},"generate_categorical":{"nested_type":{"attributes":{"categories":{"type":"string","description_kind":"plain","required":true}},"nesting_mode":"single"},"description_kind":"plain","optional":true},"generate_city":{"nested_type":{"nesting_mode":"single"},"description_kind":"plain","optional":true},"generate_default":{"nested_type":{"nesting_mode":"single"},"description_kind":"plain","optional":true},"generate_e164_phone_number":{"nested_type":{"attributes":{"max":{"type":"number","description_kind":"plain","required":true},"min":{"type":"number","description_kind":"plain","required":true}},"nesting_mode":"single"},"description_kind":"plain","optional":true},"generate_email":{"nested_type":{"nesting_mode":"single"},"description_kind":"plain","optional":true},"generate_firstname":{"nested_type":{"nesting_mode":"single"},"description_kind":"plain","optional":true},"generate_float64":{"nested_type":{"attributes":{"max":{"type":"number","description_kind":"plain","required":true},"min":{"type":"number","description_kind":"plain","required":true},"precision":{"type":"number","description_kind":"plain","required":true},"randomize_sign":{"type":"bool","description_kind":"plain","required":true}},"nesting_mode":"single"},"description_kind":"plain","optional":true},"generate_full_address":{"nested_type":{"nesting_mode":"single"},"description_kind":"plain","optional":true},"generate_fullname":{"nested_type":{"nesting_mode":"single"},"description_kind":"plain","optional":true},"generate_gender":{"nested_type":{"attributes":{"abbreviate":{"type":"bool","description_kind":"plain","required":true}},"nesting_mode":"single"},"description_kind":"plain","optional":true},"generate_int64":{"nested_type":{"attributes":{"max":{"type":"number","description_kind":"plain","required":true},"min":{"type":"number","description_kind":"plain","required":true},"randomize_sign":{"type":"bool","description_kind":"plain","required":true}},"nesting_mode":"single"},"description_kind":"plain","optional":true},"generate_int64_phone_number":{"nested_type":{"nesting_mode":"single"},"description_kind":"plain","optional":true},"generate_lastname":{"nested_type":{"nesting_mode":"single"},"description_kind":"plain","optional":true},"generate_sha256":{"nested_type":{"nesting_mode":"single"},"description_kind":"plain","optional":true},"generate_ssn":{"nested_type":{"nesting_mode":"single"},"description_kind":"plain","optional":true},"generate_state":{"nested_type":{"nesting_mode":"single"},"description_kind":"plain","optional":true},"generate_street_address":{"nested_type":{"nesting_mode":"single"},"description_kind":"plain","optional":true},"generate_string":{"nested_type":{"attributes":{"max":{"type":"number","description_kind":"plain","required":true},"min":{"type":"number","description_kind":"plain","required":true}},"nesting_mode":"single"},"description_kind":"plain","optional":true},"generate_string_phone_number":{"nested_type":{"attributes":{"max":{"type":"number","description_kind":"plain","required":true},"min":{"type":"number","description_kind":"plain","required":true}},"nesting_mode":"single"},"description_kind":"plain","optional":true},"generate_unix_timestamp":{"nested_type":{"nesting_mode":"single"},"description_kind":"plain","optional":true},"generate_username":{"nested_type":{"nesting_mode":"single"},"description_kind":"plain","optional":true},"generate_utc_timestamp":{"nested_type":{"nesting_mode":"single"},"description_kind":"plain","optional":true},"generate_uuid":{"nested_type":{"attributes":{"include_hyphens":{"type":"bool","description_kind":"plain","required":true}},"nesting_mode":"single"},"description_kind":"plain","optional":true},"generate_zipcode":{"nested_type":{"nesting_mode":"single"},"description_kind":"plain","optional":true},"null":{"nested_type":{"nesting_mode":"single"},"description_kind":"plain","optional":true},"passthrough":{"nested_type":{"nesting_mode":"single"},"description_kind":"plain","optional":true},"transform_character_scramble":{"nested_type":{"nesting_mode":"single"},"description_kind":"plain","optional":true},"transform_e164_phone_number":{"nested_type":{"attributes":{"preserve_length":{"type":"bool","description_kind":"plain","required":true}},"nesting_mode":"single"},"description_kind":"plain","optional":true},"transform_email":{"nested_type":{"attributes":{"preserve_domain":{"type":"bool","description_kind":"plain","required":true},"preserve_length":{"type":"bool","description_kind":"plain","required":true}},"nesting_mode":"single"},"description_kind":"plain","optional":true},"transform_firstname":{"nested_type":{"attributes":{"preserve_length":{"type":"bool","description_kind":"plain","required":true}},"nesting_mode":"single"},"description_kind":"plain","optional":true},"transform_float64":{"nested_type":{"attributes":{"randomization_range_max":{"type":"number","description_kind":"plain","required":true},"randomization_range_min":{"type":"number","description_kind":"plain","required":true}},"nesting_mode":"single"},"description_kind":"plain","optional":true},"transform_fullname":{"nested_type":{"attributes":{"preserve_length":{"type":"bool","description_kind":"plain","required":true}},"nesting_mode":"single"},"description_kind":"plain","optional":true},"transform_int64":{"nested_type":{"attributes":{"randomization_range_max":{"type":"number","description_kind":"plain","required":true},"randomization_range_min":{"type":"number","description_kind":"plain","required":true}},"nesting_mode":"single"},"description_kind":"plain","optional":true},"transform_int64_phone_number":{"nested_type":{"attributes":{"preserve_length":{"type":"bool","description_kind":"plain","required":true}},"nesting_mode":"single"},"description_kind":"plain","optional":true},"transform_javascript":{"nested_type":{"attributes":{"code":{"type":"string","description_kind":"plain","required":true}},"nesting_mode":"single"},"description_kind":"plain","optional":true},"transform_lastname":{"nested_type":{"attributes":{"preserve_length":{"type":"bool","description_kind":"plain","required":true}},"nesting_mode":"single"},"description_kind":"plain","optional":true},"transform_phone_number":{"nested_type":{"attributes":{"preserve_length":{"type":"bool","description_kind":"plain","required":true}},"nesting_mode":"single"},"description_kind":"plain","optional":true},"transform_string":{"nested_type":{"attributes":{"preserve_length":{"type":"bool","description_kind":"plain","required":true}},"nesting_mode":"single"},"description_kind":"plain","optional":true},"user_defined_transformer":{"nested_type":{"attributes":{"id":{"type":"string","description_kind":"plain","required":true}},"nesting_mode":"single"},"description_kind":"plain","optional":true}},"nesting_mode":"single"},"description":"This config object consists of the matching configuration defined with the source specified.","description_kind":"plain","required":true},"source":{"type":"string","description":"The source of the transformer that will be used","description_kind":"plain","required":true}},"nesting_mode":"single"},"description":"The transformer that will be performed on the column","description_kind":"plain","required":true}},"nesting_mode":"list"},"description":"Details each schema,table,column along with the transformation that will be executed","description_kind":"plain","optional":true},"name":{"type":"string","description":"The unique friendly name of the job","description_kind":"plain","required":true},"source":{"nested_type":{"attributes":{"aws_s3":{"nested_type":{"attributes":{"connection_id":{"type":"string","description":"The unique identifier of the connection that is to be used as the source","description_kind":"plain","required":true}},"nesting_mode":"single"},"description":"AWS S3 specific connection configurations","description_kind":"plain","optional":true},"generate":{"nested_type":{"attributes":{"fk_source_connection_id":{"type":"string","description":"The unique connection identifier that is used to generate schema specific details. This is usually set to the destination connectio id if it has been upserted with the schema already","description_kind":"plain","required":true},"schemas":{"nested_type":{"attributes":{"schema":{"type":"string","description":"The name of the schema","description_kind":"plain","required":true},"tables":{"nested_type":{"attributes":{"row_count":{"type":"number","description":"The number of rows to generate into the table","description_kind":"plain","optional":true},"table":{"type":"string","description":"The name of the table","description_kind":"plain","required":true}},"nesting_mode":"list"},"description":"A list of tables and their specific options within the defined schema","description_kind":"plain","required":true}},"nesting_mode":"list"},"description":"A list of schemas and table specific options","description_kind":"plain","required":true}},"nesting_mode":"single"},"description":"Generate specific connection configurations. Currently only supports single table generation","description_kind":"plain","optional":true},"mysql":{"nested_type":{"attributes":{"connection_id":{"type":"string","description":"The unique identifier of the connection that is to be used as the source","description_kind":"plain","required":true},"halt_on_new_column_addition":{"type":"bool","description":"Whether or not to halt the job if it detects a new column that has been added in the source that has not been defined in the mappings schema","description_kind":"plain","required":true},"schemas":{"nested_type":{"attributes":{"schema":{"type":"string","description":"The name of the schema","description_kind":"plain","required":true},"tables":{"nested_type":{"attributes":{"table":{"type":"string","description":"The name of the table","description_kind":"plain","required":true},"where_clause":{"type":"string","description":"A where clause that will be used to subset the table during sync","description_kind":"plain","optional":true}},"nesting_mode":"list"},"description":"A list of tables and their specific options within the defined schema","description_kind":"plain","required":true}},"nesting_mode":"list"},"description":"A list of schemas and table specific options","description_kind":"plain","optional":true}},"nesting_mode":"single"},"description":"Mysql specific connection configurations","description_kind":"plain","optional":true},"postgres":{"nested_type":{"attributes":{"connection_id":{"type":"string","description":"The unique identifier of the connection that is to be used as the source","description_kind":"plain","required":true},"halt_on_new_column_addition":{"type":"bool","description":"Whether or not to halt the job if it detects a new column that has been added in the source that has not been defined in the mappings schema","description_kind":"plain","required":true},"schemas":{"nested_type":{"attributes":{"schema":{"type":"string","description":"The name of the schema","description_kind":"plain","required":true},"tables":{"nested_type":{"attributes":{"table":{"type":"string","description":"The name of the table","description_kind":"plain","required":true},"where_clause":{"type":"string","description":"A where clause that will be used to subset the table during sync","description_kind":"plain","optional":true}},"nesting_mode":"list"},"description":"A list of tables and their specific options within the defined schema","description_kind":"plain","required":true}},"nesting_mode":"list"},"description":"A list of schemas and table specific options","description_kind":"plain","optional":true}},"nesting_mode":"single"},"description":"Postgres specific connection configurations","description_kind":"plain","optional":true}},"nesting_mode":"single"},"description":"Configuration details about the source data connection","description_kind":"plain","required":true},"sync_options":{"nested_type":{"attributes":{"retry_policy":{"nested_type":{"attributes":{"maximum_attempts":{"type":"number","description":"The maximum number of times to retry if there is a failure or timeout","description_kind":"plain","optional":true}},"nesting_mode":"single"},"description":"The table sync retry policy","description_kind":"plain","optional":true},"schedule_to_close_timeout":{"type":"number","description":"The maximum amount of time allotted for a table sync with retries","description_kind":"plain","optional":true},"start_to_close_timeout":{"type":"number","description":"The amount of time allotted for a table sync","description_kind":"plain","optional":true}},"nesting_mode":"single"},"description":"Advanced settings and other options specific to a table sync","description_kind":"plain","optional":true},"workflow_options":{"nested_type":{"attributes":{"run_timeout":{"type":"number","description":"The max amount of time a job run is allotted","description_kind":"plain","optional":true}},"nesting_mode":"single"},"description":"Advanced settings and other options specific to a job run","description_kind":"plain","optional":true}},"description":"Job resource","description_kind":"plain"}},"neosync_user_defined_transformer":{"version":0,"block":{"attributes":{"account_id":{"type":"string","description":"The unique identifier of the account. Can be pulled from the API Key if present, or must be specified if using a user access token","description_kind":"plain","optional":true,"computed":true},"config":{"nested_type":{"attributes":{"generate_bool":{"nested_type":{"nesting_mode":"single"},"description_kind":"plain","optional":true},"generate_card_number":{"nested_type":{"attributes":{"valid_luhn":{"type":"bool","description_kind":"plain","required":true}},"nesting_mode":"single"},"description_kind":"plain","optional":true},"generate_categorical":{"nested_type":{"attributes":{"categories":{"type":"string","description_kind":"plain","required":true}},"nesting_mode":"single"},"description_kind":"plain","optional":true},"generate_city":{"nested_type":{"nesting_mode":"single"},"description_kind":"plain","optional":true},"generate_default":{"nested_type":{"nesting_mode":"single"},"description_kind":"plain","optional":true},"generate_e164_phone_number":{"nested_type":{"attributes":{"max":{"type":"number","description_kind":"plain","required":true},"min":{"type":"number","description_kind":"plain","required":true}},"nesting_mode":"single"},"description_kind":"plain","optional":true},"generate_email":{"nested_type":{"nesting_mode":"single"},"description_kind":"plain","optional":true},"generate_firstname":{"nested_type":{"nesting_mode":"single"},"description_kind":"plain","optional":true},"generate_float64":{"nested_type":{"attributes":{"max":{"type":"number","description_kind":"plain","required":true},"min":{"type":"number","description_kind":"plain","required":true},"precision":{"type":"number","description_kind":"plain","required":true},"randomize_sign":{"type":"bool","description_kind":"plain","required":true}},"nesting_mode":"single"},"description_kind":"plain","optional":true},"generate_full_address":{"nested_type":{"nesting_mode":"single"},"description_kind":"plain","optional":true},"generate_fullname":{"nested_type":{"nesting_mode":"single"},"description_kind":"plain","optional":true},"generate_gender":{"nested_type":{"attributes":{"abbreviate":{"type":"bool","description_kind":"plain","required":true}},"nesting_mode":"single"},"description_kind":"plain","optional":true},"generate_int64":{"nested_type":{"attributes":{"max":{"type":"number","description_kind":"plain","required":true},"min":{"type":"number","description_kind":"plain","required":true},"randomize_sign":{"type":"bool","description_kind":"plain","required":true}},"nesting_mode":"single"},"description_kind":"plain","optional":true},"generate_int64_phone_number":{"nested_type":{"nesting_mode":"single"},"description_kind":"plain","optional":true},"generate_lastname":{"nested_type":{"nesting_mode":"single"},"description_kind":"plain","optional":true},"generate_sha256":{"nested_type":{"nesting_mode":"single"},"description_kind":"plain","optional":true},"generate_ssn":{"nested_type":{"nesting_mode":"single"},"description_kind":"plain","optional":true},"generate_state":{"nested_type":{"nesting_mode":"single"},"description_kind":"plain","optional":true},"generate_street_address":{"nested_type":{"nesting_mode":"single"},"description_kind":"plain","optional":true},"generate_string":{"nested_type":{"attributes":{"max":{"type":"number","description_kind":"plain","required":true},"min":{"type":"number","description_kind":"plain","required":true}},"nesting_mode":"single"},"description_kind":"plain","optional":true},"generate_string_phone_number":{"nested_type":{"attributes":{"max":{"type":"number","description_kind":"plain","required":true},"min":{"type":"number","description_kind":"plain","required":true}},"nesting_mode":"single"},"description_kind":"plain","optional":true},"generate_unix_timestamp":{"nested_type":{"nesting_mode":"single"},"description_kind":"plain","optional":true},"generate_username":{"nested_type":{"nesting_mode":"single"},"description_kind":"plain","optional":true},"generate_utc_timestamp":{"nested_type":{"nesting_mode":"single"},"description_kind":"plain","optional":true},"generate_uuid":{"nested_type":{"attributes":{"include_hyphens":{"type":"bool","description_kind":"plain","required":true}},"nesting_mode":"single"},"description_kind":"plain","optional":true},"generate_zipcode":{"nested_type":{"nesting_mode":"single"},"description_kind":"plain","optional":true},"null":{"nested_type":{"nesting_mode":"single"},"description_kind":"plain","optional":true},"passthrough":{"nested_type":{"nesting_mode":"single"},"description_kind":"plain","optional":true},"transform_character_scramble":{"nested_type":{"nesting_mode":"single"},"description_kind":"plain","optional":true},"transform_e164_phone_number":{"nested_type":{"attributes":{"preserve_length":{"type":"bool","description_kind":"plain","required":true}},"nesting_mode":"single"},"description_kind":"plain","optional":true},"transform_email":{"nested_type":{"attributes":{"preserve_domain":{"type":"bool","description_kind":"plain","required":true},"preserve_length":{"type":"bool","description_kind":"plain","required":true}},"nesting_mode":"single"},"description_kind":"plain","optional":true},"transform_firstname":{"nested_type":{"attributes":{"preserve_length":{"type":"bool","description_kind":"plain","required":true}},"nesting_mode":"single"},"description_kind":"plain","optional":true},"transform_float64":{"nested_type":{"attributes":{"randomization_range_max":{"type":"number","description_kind":"plain","required":true},"randomization_range_min":{"type":"number","description_kind":"plain","required":true}},"nesting_mode":"single"},"description_kind":"plain","optional":true},"transform_fullname":{"nested_type":{"attributes":{"preserve_length":{"type":"bool","description_kind":"plain","required":true}},"nesting_mode":"single"},"description_kind":"plain","optional":true},"transform_int64":{"nested_type":{"attributes":{"randomization_range_max":{"type":"number","description_kind":"plain","required":true},"randomization_range_min":{"type":"number","description_kind":"plain","required":true}},"nesting_mode":"single"},"description_kind":"plain","optional":true},"transform_int64_phone_number":{"nested_type":{"attributes":{"preserve_length":{"type":"bool","description_kind":"plain","required":true}},"nesting_mode":"single"},"description_kind":"plain","optional":true},"transform_javascript":{"nested_type":{"attributes":{"code":{"type":"string","description_kind":"plain","required":true}},"nesting_mode":"single"},"description_kind":"plain","optional":true},"transform_lastname":{"nested_type":{"attributes":{"preserve_length":{"type":"bool","description_kind":"plain","required":true}},"nesting_mode":"single"},"description_kind":"plain","optional":true},"transform_phone_number":{"nested_type":{"attributes":{"preserve_length":{"type":"bool","description_kind":"plain","required":true}},"nesting_mode":"single"},"description_kind":"plain","optional":true},"transform_string":{"nested_type":{"attributes":{"preserve_length":{"type":"bool","description_kind":"plain","required":true}},"nesting_mode":"single"},"description_kind":"plain","optional":true},"user_defined_transformer":{"nested_type":{"attributes":{"id":{"type":"string","description_kind":"plain","required":true}},"nesting_mode":"single"},"description_kind":"plain","optional":true}},"nesting_mode":"single"},"description":"This config object consists of the matching configuration defined with the source specified.","description_kind":"plain","required":true},"description":{"type":"string","description":"The description of the transformer","description_kind":"plain","required":true},"id":{"type":"string","description":"The unique identifier of the transformer","description_kind":"plain","computed":true},"name":{"type":"string","description":"The unique friendly name of the transformer","description_kind":"plain","required":true},"source":{"type":"string","description":"The system transformer that this user defined transformer is based off of. This is the same value that is specified as the key in the config","description_kind":"plain","required":true}},"description":"Neosync User Defined Transformer resource","description_kind":"plain"}}},"data_source_schemas":{"neosync_connection":{"version":0,"block":{"attributes":{"id":{"type":"string","description":"The unique identifier of the connection","description_kind":"plain","required":true},"name":{"type":"string","description":"The unique name of the connection","description_kind":"plain","computed":true}},"description":"Neosync Connection data source","description_kind":"plain"}},"neosync_job":{"version":0,"block":{"attributes":{"id":{"type":"string","description":"The unique identifier of the job","description_kind":"plain","required":true},"name":{"type":"string","description":"The unique name of the job","description_kind":"plain","computed":true}},"description":"Neosync Job data source","description_kind":"plain"}},"neosync_system_transformer":{"version":0,"block":{"attributes":{"config":{"nested_type":{"attributes":{"generate_bool":{"nested_type":{"nesting_mode":"single"},"description_kind":"plain","optional":true},"generate_card_number":{"nested_type":{"attributes":{"valid_luhn":{"type":"bool","description_kind":"plain","required":true}},"nesting_mode":"single"},"description_kind":"plain","optional":true},"generate_categorical":{"nested_type":{"attributes":{"categories":{"type":"string","description_kind":"plain","required":true}},"nesting_mode":"single"},"description_kind":"plain","optional":true},"generate_city":{"nested_type":{"nesting_mode":"single"},"description_kind":"plain","optional":true},"generate_default":{"nested_type":{"nesting_mode":"single"},"description_kind":"plain","optional":true},"generate_e164_phone_number":{"nested_type":{"attributes":{"max":{"type":"number","description_kind":"plain","required":true},"min":{"type":"number","description_kind":"plain","required":true}},"nesting_mode":"single"},"description_kind":"plain","optional":true},"generate_email":{"nested_type":{"nesting_mode":"single"},"description_kind":"plain","optional":true},"generate_firstname":{"nested_type":{"nesting_mode":"single"},"description_kind":"plain","optional":true},"generate_float64":{"nested_type":{"attributes":{"max":{"type":"number","description_kind":"plain","required":true},"min":{"type":"number","description_kind":"plain","required":true},"precision":{"type":"number","description_kind":"plain","required":true},"randomize_sign":{"type":"bool","description_kind":"plain","required":true}},"nesting_mode":"single"},"description_kind":"plain","optional":true},"generate_full_address":{"nested_type":{"nesting_mode":"single"},"description_kind":"plain","optional":true},"generate_fullname":{"nested_type":{"nesting_mode":"single"},"description_kind":"plain","optional":true},"generate_gender":{"nested_type":{"attributes":{"abbreviate":{"type":"bool","description_kind":"plain","required":true}},"nesting_mode":"single"},"description_kind":"plain","optional":true},"generate_int64":{"nested_type":{"attributes":{"max":{"type":"number","description_kind":"plain","required":true},"min":{"type":"number","description_kind":"plain","required":true},"randomize_sign":{"type":"bool","description_kind":"plain","required":true}},"nesting_mode":"single"},"description_kind":"plain","optional":true},"generate_int64_phone_number":{"nested_type":{"nesting_mode":"single"},"description_kind":"plain","optional":true},"generate_lastname":{"nested_type":{"nesting_mode":"single"},"description_kind":"plain","optional":true},"generate_sha256":{"nested_type":{"nesting_mode":"single"},"description_kind":"plain","optional":true},"generate_ssn":{"nested_type":{"nesting_mode":"single"},"description_kind":"plain","optional":true},"generate_state":{"nested_type":{"nesting_mode":"single"},"description_kind":"plain","optional":true},"generate_street_address":{"nested_type":{"nesting_mode":"single"},"description_kind":"plain","optional":true},"generate_string":{"nested_type":{"attributes":{"max":{"type":"number","description_kind":"plain","required":true},"min":{"type":"number","description_kind":"plain","required":true}},"nesting_mode":"single"},"description_kind":"plain","optional":true},"generate_string_phone_number":{"nested_type":{"attributes":{"max":{"type":"number","description_kind":"plain","required":true},"min":{"type":"number","description_kind":"plain","required":true}},"nesting_mode":"single"},"description_kind":"plain","optional":true},"generate_unix_timestamp":{"nested_type":{"nesting_mode":"single"},"description_kind":"plain","optional":true},"generate_username":{"nested_type":{"nesting_mode":"single"},"description_kind":"plain","optional":true},"generate_utc_timestamp":{"nested_type":{"nesting_mode":"single"},"description_kind":"plain","optional":true},"generate_uuid":{"nested_type":{"attributes":{"include_hyphens":{"type":"bool","description_kind":"plain","required":true}},"nesting_mode":"single"},"description_kind":"plain","optional":true},"generate_zipcode":{"nested_type":{"nesting_mode":"single"},"description_kind":"plain","optional":true},"null":{"nested_type":{"nesting_mode":"single"},"description_kind":"plain","optional":true},"passthrough":{"nested_type":{"nesting_mode":"single"},"description_kind":"plain","optional":true},"transform_character_scramble":{"nested_type":{"nesting_mode":"single"},"description_kind":"plain","optional":true},"transform_e164_phone_number":{"nested_type":{"attributes":{"preserve_length":{"type":"bool","description_kind":"plain","required":true}},"nesting_mode":"single"},"description_kind":"plain","optional":true},"transform_email":{"nested_type":{"attributes":{"preserve_domain":{"type":"bool","description_kind":"plain","required":true},"preserve_length":{"type":"bool","description_kind":"plain","required":true}},"nesting_mode":"single"},"description_kind":"plain","optional":true},"transform_firstname":{"nested_type":{"attributes":{"preserve_length":{"type":"bool","description_kind":"plain","required":true}},"nesting_mode":"single"},"description_kind":"plain","optional":true},"transform_float64":{"nested_type":{"attributes":{"randomization_range_max":{"type":"number","description_kind":"plain","required":true},"randomization_range_min":{"type":"number","description_kind":"plain","required":true}},"nesting_mode":"single"},"description_kind":"plain","optional":true},"transform_fullname":{"nested_type":{"attributes":{"preserve_length":{"type":"bool","description_kind":"plain","required":true}},"nesting_mode":"single"},"description_kind":"plain","optional":true},"transform_int64":{"nested_type":{"attributes":{"randomization_range_max":{"type":"number","description_kind":"plain","required":true},"randomization_range_min":{"type":"number","description_kind":"plain","required":true}},"nesting_mode":"single"},"description_kind":"plain","optional":true},"transform_int64_phone_number":{"nested_type":{"attributes":{"preserve_length":{"type":"bool","description_kind":"plain","required":true}},"nesting_mode":"single"},"description_kind":"plain","optional":true},"transform_javascript":{"nested_type":{"attributes":{"code":{"type":"string","description_kind":"plain","required":true}},"nesting_mode":"single"},"description_kind":"plain","optional":true},"transform_lastname":{"nested_type":{"attributes":{"preserve_length":{"type":"bool","description_kind":"plain","required":true}},"nesting_mode":"single"},"description_kind":"plain","optional":true},"transform_phone_number":{"nested_type":{"attributes":{"preserve_length":{"type":"bool","description_kind":"plain","required":true}},"nesting_mode":"single"},"description_kind":"plain","optional":true},"transform_string":{"nested_type":{"attributes":{"preserve_length":{"type":"bool","description_kind":"plain","required":true}},"nesting_mode":"single"},"description_kind":"plain","optional":true},"user_defined_transformer":{"nested_type":{"attributes":{"id":{"type":"string","description_kind":"plain","required":true}},"nesting_mode":"single"},"description_kind":"plain","optional":true}},"nesting_mode":"single"},"description":"Default values for each system transformer. Can be used to feed into any values intended to remain unchanged for any user defined transformer","description_kind":"plain","computed":true},"datatype":{"type":"number","description":"The datatype of the transformer","description_kind":"plain","computed":true},"description":{"type":"string","description":"The description of the transformer","description_kind":"plain","computed":true},"name":{"type":"string","description":"The unique name of the transformer","description_kind":"plain","computed":true},"source":{"type":"string","description":"The unique key that is used by the system to determine which transformer to use. This is the same value that is specified as the key in the config","description_kind":"plain","required":true}},"description":"Neosync System Transformer data source","description_kind":"plain"}},"neosync_user_defined_transformer":{"version":0,"block":{"attributes":{"id":{"type":"string","description":"The unique identifier of the transformer","description_kind":"plain","required":true},"name":{"type":"string","description":"The unique name of the transformer","description_kind":"plain","computed":true}},"description":"Neosync User Defined Transformer data source","description_kind":"plain"}}}}}}
